# This file is automatically @generated by Cargo.
# It is not intended for manual editing.
version = 3

[[package]]
name = "arrayref"
version = "0.3.7"
source = "registry+https://github.com/rust-lang/crates.io-index"
checksum = "6b4930d2cb77ce62f89ee5d5289b4ac049559b1c45539271f5ed4fdc7db34545"

[[package]]
name = "arrayvec"
version = "0.7.4"
source = "registry+https://github.com/rust-lang/crates.io-index"
checksum = "96d30a06541fbafbc7f82ed10c06164cfbd2c401138f6addd8404629c4b16711"

[[package]]
name = "bytemuck"
version = "1.14.1"
source = "registry+https://github.com/rust-lang/crates.io-index"
checksum = "ed2490600f404f2b94c167e31d3ed1d5f3c225a0f3b80230053b3e0b7b962bd9"

[[package]]
name = "float-cmp"
version = "0.9.0"
source = "registry+https://github.com/rust-lang/crates.io-index"
checksum = "98de4bbd547a563b716d8dfa9aad1cb19bfab00f4fa09a6a4ed21dbcf44ce9c4"

[[package]]
name = "kurbo"
version = "0.9.5"
source = "registry+https://github.com/rust-lang/crates.io-index"
checksum = "bd85a5776cd9500c2e2059c8c76c3b01528566b7fcbaf8098b55a33fc298849b"
dependencies = [
 "arrayvec",
]

[[package]]
name = "siphasher"
version = "0.3.11"
source = "registry+https://github.com/rust-lang/crates.io-index"
checksum = "38b58827f4464d87d377d175e90bf58eb00fd8716ff0a62f80356b5e61555d0d"

[[package]]
name = "strict-num"
version = "0.1.1"
source = "registry+https://github.com/rust-lang/crates.io-index"
checksum = "6637bab7722d379c8b41ba849228d680cc12d0a45ba1fa2b48f2a30577a06731"
dependencies = [
 "float-cmp",
]

[[package]]
name = "svgtypes"
version = "0.13.0"
source = "registry+https://github.com/rust-lang/crates.io-index"
checksum = "6e44e288cd960318917cbd540340968b90becc8bc81f171345d706e7a89d9d70"
dependencies = [
 "kurbo",
 "siphasher",
]

[[package]]
name = "tiny-skia-path"
version = "0.11.3"
source = "registry+https://github.com/rust-lang/crates.io-index"
checksum = "5de35e8a90052baaaf61f171680ac2f8e925a1e43ea9d2e3a00514772250e541"
dependencies = [
 "arrayref",
 "bytemuck",
 "strict-num",
]

[[package]]
name = "usvg-tree"
version = "0.38.0"
dependencies = [
 "strict-num",
 "svgtypes",
 "tiny-skia-path",
]
